// !$*UTF8*$!
{
	archiveVersion = 1;
	classes = {
	};
	objectVersion = 56;
	objects = {

/* Begin PBXBuildFile section */
		33CE52202BFC306F00B07F5A /* iQuiz2App.swift in Sources */ = {isa = PBXBuildFile; fileRef = 33CE521F2BFC306F00B07F5A /* iQuiz2App.swift */; };
		33CE52222BFC306F00B07F5A /* ContentView.swift in Sources */ = {isa = PBXBuildFile; fileRef = 33CE52212BFC306F00B07F5A /* ContentView.swift */; };
		33CE52242BFC307100B07F5A /* Assets.xcassets in Resources */ = {isa = PBXBuildFile; fileRef = 33CE52232BFC307100B07F5A /* Assets.xcassets */; };
		33CE52272BFC307100B07F5A /* Preview Assets.xcassets in Resources */ = {isa = PBXBuildFile; fileRef = 33CE52262BFC307100B07F5A /* Preview Assets.xcassets */; };
		33CE52312BFC307200B07F5A /* iQuiz2Tests.swift in Sources */ = {isa = PBXBuildFile; fileRef = 33CE52302BFC307200B07F5A /* iQuiz2Tests.swift */; };
		33CE523B2BFC307300B07F5A /* iQuiz2UITests.swift in Sources */ = {isa = PBXBuildFile; fileRef = 33CE523A2BFC307300B07F5A /* iQuiz2UITests.swift */; };
		33CE523D2BFC307300B07F5A /* iQuiz2UITestsLaunchTests.swift in Sources */ = {isa = PBXBuildFile; fileRef = 33CE523C2BFC307300B07F5A /* iQuiz2UITestsLaunchTests.swift */; };
		33CE524A2BFC30EA00B07F5A /* QuestionView.swift in Sources */ = {isa = PBXBuildFile; fileRef = 33CE52492BFC30EA00B07F5A /* QuestionView.swift */; };
		33CE524C2BFC31AC00B07F5A /* AnswerView.swift in Sources */ = {isa = PBXBuildFile; fileRef = 33CE524B2BFC31AC00B07F5A /* AnswerView.swift */; };
		33CE524E2BFC31D400B07F5A /* SettingsView.swift in Sources */ = {isa = PBXBuildFile; fileRef = 33CE524D2BFC31D400B07F5A /* SettingsView.swift */; };
		33CE52502BFC31F900B07F5A /* FinishedView.swift in Sources */ = {isa = PBXBuildFile; fileRef = 33CE524F2BFC31F900B07F5A /* FinishedView.swift */; };
		33CE52522BFC329A00B07F5A /* QuizTopic.swift in Sources */ = {isa = PBXBuildFile; fileRef = 33CE52512BFC329A00B07F5A /* QuizTopic.swift */; };
		33CE52542BFC32EE00B07F5A /* Question.swift in Sources */ = {isa = PBXBuildFile; fileRef = 33CE52532BFC32EE00B07F5A /* Question.swift */; };
/* End PBXBuildFile section */

/* Begin PBXContainerItemProxy section */
		33CE522D2BFC307200B07F5A /* PBXContainerItemProxy */ = {
			isa = PBXContainerItemProxy;
			containerPortal = 33CE52142BFC306F00B07F5A /* Project object */;
			proxyType = 1;
			remoteGlobalIDString = 33CE521B2BFC306F00B07F5A;
			remoteInfo = iQuiz2;
		};
		33CE52372BFC307200B07F5A /* PBXContainerItemProxy */ = {
			isa = PBXContainerItemProxy;
			containerPortal = 33CE52142BFC306F00B07F5A /* Project object */;
			proxyType = 1;
			remoteGlobalIDString = 33CE521B2BFC306F00B07F5A;
			remoteInfo = iQuiz2;
		};
/* End PBXContainerItemProxy section */

/* Begin PBXFileReference section */
		33CE521C2BFC306F00B07F5A /* iQuiz2.app */ = {isa = PBXFileReference; explicitFileType = wrapper.application; includeInIndex = 0; path = iQuiz2.app; sourceTree = BUILT_PRODUCTS_DIR; };
		33CE521F2BFC306F00B07F5A /* iQuiz2App.swift */ = {isa = PBXFileReference; lastKnownFileType = sourcecode.swift; path = iQuiz2App.swift; sourceTree = "<group>"; };
		33CE52212BFC306F00B07F5A /* ContentView.swift */ = {isa = PBXFileReference; lastKnownFileType = sourcecode.swift; path = ContentView.swift; sourceTree = "<group>"; };
		33CE52232BFC307100B07F5A /* Assets.xcassets */ = {isa = PBXFileReference; lastKnownFileType = folder.assetcatalog; path = Assets.xcassets; sourceTree = "<group>"; };
		33CE52262BFC307100B07F5A /* Preview Assets.xcassets */ = {isa = PBXFileReference; lastKnownFileType = folder.assetcatalog; path = "Preview Assets.xcassets"; sourceTree = "<group>"; };
		33CE522C2BFC307200B07F5A /* iQuiz2Tests.xctest */ = {isa = PBXFileReference; explicitFileType = wrapper.cfbundle; includeInIndex = 0; path = iQuiz2Tests.xctest; sourceTree = BUILT_PRODUCTS_DIR; };
		33CE52302BFC307200B07F5A /* iQuiz2Tests.swift */ = {isa = PBXFileReference; lastKnownFileType = sourcecode.swift; path = iQuiz2Tests.swift; sourceTree = "<group>"; };
		33CE52362BFC307200B07F5A /* iQuiz2UITests.xctest */ = {isa = PBXFileReference; explicitFileType = wrapper.cfbundle; includeInIndex = 0; path = iQuiz2UITests.xctest; sourceTree = BUILT_PRODUCTS_DIR; };
		33CE523A2BFC307300B07F5A /* iQuiz2UITests.swift */ = {isa = PBXFileReference; lastKnownFileType = sourcecode.swift; path = iQuiz2UITests.swift; sourceTree = "<group>"; };
		33CE523C2BFC307300B07F5A /* iQuiz2UITestsLaunchTests.swift */ = {isa = PBXFileReference; lastKnownFileType = sourcecode.swift; path = iQuiz2UITestsLaunchTests.swift; sourceTree = "<group>"; };
		33CE52492BFC30EA00B07F5A /* QuestionView.swift */ = {isa = PBXFileReference; lastKnownFileType = sourcecode.swift; path = QuestionView.swift; sourceTree = "<group>"; };
		33CE524B2BFC31AC00B07F5A /* AnswerView.swift */ = {isa = PBXFileReference; lastKnownFileType = sourcecode.swift; path = AnswerView.swift; sourceTree = "<group>"; };
		33CE524D2BFC31D400B07F5A /* SettingsView.swift */ = {isa = PBXFileReference; lastKnownFileType = sourcecode.swift; path = SettingsView.swift; sourceTree = "<group>"; };
		33CE524F2BFC31F900B07F5A /* FinishedView.swift */ = {isa = PBXFileReference; lastKnownFileType = sourcecode.swift; path = FinishedView.swift; sourceTree = "<group>"; };
		33CE52512BFC329A00B07F5A /* QuizTopic.swift */ = {isa = PBXFileReference; lastKnownFileType = sourcecode.swift; path = QuizTopic.swift; sourceTree = "<group>"; };
		33CE52532BFC32EE00B07F5A /* Question.swift */ = {isa = PBXFileReference; lastKnownFileType = sourcecode.swift; path = Question.swift; sourceTree = "<group>"; };
/* End PBXFileReference section */

/* Begin PBXFrameworksBuildPhase section */
		33CE52192BFC306F00B07F5A /* Frameworks */ = {
			isa = PBXFrameworksBuildPhase;
			buildActionMask = 2147483647;
			files = (
			);
			runOnlyForDeploymentPostprocessing = 0;
		};
		33CE52292BFC307200B07F5A /* Frameworks */ = {
			isa = PBXFrameworksBuildPhase;
			buildActionMask = 2147483647;
			files = (
			);
			runOnlyForDeploymentPostprocessing = 0;
		};
		33CE52332BFC307200B07F5A /* Frameworks */ = {
			isa = PBXFrameworksBuildPhase;
			buildActionMask = 2147483647;
			files = (
			);
			runOnlyForDeploymentPostprocessing = 0;
		};
/* End PBXFrameworksBuildPhase section */

/* Begin PBXGroup section */
		33CE52132BFC306F00B07F5A = {
			isa = PBXGroup;
			children = (
				33CE521E2BFC306F00B07F5A /* iQuiz2 */,
				33CE522F2BFC307200B07F5A /* iQuiz2Tests */,
				33CE52392BFC307300B07F5A /* iQuiz2UITests */,
				33CE521D2BFC306F00B07F5A /* Products */,
			);
			sourceTree = "<group>";
		};
		33CE521D2BFC306F00B07F5A /* Products */ = {
			isa = PBXGroup;
			children = (
				33CE521C2BFC306F00B07F5A /* iQuiz2.app */,
				33CE522C2BFC307200B07F5A /* iQuiz2Tests.xctest */,
				33CE52362BFC307200B07F5A /* iQuiz2UITests.xctest */,
			);
			name = Products;
			sourceTree = "<group>";
		};
		33CE521E2BFC306F00B07F5A /* iQuiz2 */ = {
			isa = PBXGroup;
			children = (
				33CE521F2BFC306F00B07F5A /* iQuiz2App.swift */,
				33CE52212BFC306F00B07F5A /* ContentView.swift */,
				33CE52512BFC329A00B07F5A /* QuizTopic.swift */,
				33CE52532BFC32EE00B07F5A /* Question.swift */,
				33CE52492BFC30EA00B07F5A /* QuestionView.swift */,
				33CE524B2BFC31AC00B07F5A /* AnswerView.swift */,
				33CE524D2BFC31D400B07F5A /* SettingsView.swift */,
				33CE524F2BFC31F900B07F5A /* FinishedView.swift */,
				33CE52232BFC307100B07F5A /* Assets.xcassets */,
				33CE52252BFC307100B07F5A /* Preview Content */,
			);
			path = iQuiz2;
			sourceTree = "<group>";
		};
		33CE52252BFC307100B07F5A /* Preview Content */ = {
			isa = PBXGroup;
			children = (
				33CE52262BFC307100B07F5A /* Preview Assets.xcassets */,
			);
			path = "Preview Content";
			sourceTree = "<group>";
		};
		33CE522F2BFC307200B07F5A /* iQuiz2Tests */ = {
			isa = PBXGroup;
			children = (
				33CE52302BFC307200B07F5A /* iQuiz2Tests.swift */,
			);
			path = iQuiz2Tests;
			sourceTree = "<group>";
		};
		33CE52392BFC307300B07F5A /* iQuiz2UITests */ = {
			isa = PBXGroup;
			children = (
				33CE523A2BFC307300B07F5A /* iQuiz2UITests.swift */,
				33CE523C2BFC307300B07F5A /* iQuiz2UITestsLaunchTests.swift */,
			);
			path = iQuiz2UITests;
			sourceTree = "<group>";
		};
/* End PBXGroup section */

/* Begin PBXNativeTarget section */
		33CE521B2BFC306F00B07F5A /* iQuiz2 */ = {
			isa = PBXNativeTarget;
			buildConfigurationList = 33CE52402BFC307300B07F5A /* Build configuration list for PBXNativeTarget "iQuiz2" */;
			buildPhases = (
				33CE52182BFC306F00B07F5A /* Sources */,
				33CE52192BFC306F00B07F5A /* Frameworks */,
				33CE521A2BFC306F00B07F5A /* Resources */,
			);
			buildRules = (
			);
			dependencies = (
			);
			name = iQuiz2;
			productName = iQuiz2;
			productReference = 33CE521C2BFC306F00B07F5A /* iQuiz2.app */;
			productType = "com.apple.product-type.application";
		};
		33CE522B2BFC307200B07F5A /* iQuiz2Tests */ = {
			isa = PBXNativeTarget;
			buildConfigurationList = 33CE52432BFC307300B07F5A /* Build configuration list for PBXNativeTarget "iQuiz2Tests" */;
			buildPhases = (
				33CE52282BFC307200B07F5A /* Sources */,
				33CE52292BFC307200B07F5A /* Frameworks */,
				33CE522A2BFC307200B07F5A /* Resources */,
			);
			buildRules = (
			);
			dependencies = (
				33CE522E2BFC307200B07F5A /* PBXTargetDependency */,
			);
			name = iQuiz2Tests;
			productName = iQuiz2Tests;
			productReference = 33CE522C2BFC307200B07F5A /* iQuiz2Tests.xctest */;
			productType = "com.apple.product-type.bundle.unit-test";
		};
		33CE52352BFC307200B07F5A /* iQuiz2UITests */ = {
			isa = PBXNativeTarget;
			buildConfigurationList = 33CE52462BFC307300B07F5A /* Build configuration list for PBXNativeTarget "iQuiz2UITests" */;
			buildPhases = (
				33CE52322BFC307200B07F5A /* Sources */,
				33CE52332BFC307200B07F5A /* Frameworks */,
				33CE52342BFC307200B07F5A /* Resources */,
			);
			buildRules = (
			);
			dependencies = (
				33CE52382BFC307200B07F5A /* PBXTargetDependency */,
			);
			name = iQuiz2UITests;
			productName = iQuiz2UITests;
			productReference = 33CE52362BFC307200B07F5A /* iQuiz2UITests.xctest */;
			productType = "com.apple.product-type.bundle.ui-testing";
		};
/* End PBXNativeTarget section */

/* Begin PBXProject section */
		33CE52142BFC306F00B07F5A /* Project object */ = {
			isa = PBXProject;
			attributes = {
				BuildIndependentTargetsInParallel = 1;
				LastSwiftUpdateCheck = 1530;
				LastUpgradeCheck = 1530;
				TargetAttributes = {
					33CE521B2BFC306F00B07F5A = {
						CreatedOnToolsVersion = 15.3;
					};
					33CE522B2BFC307200B07F5A = {
						CreatedOnToolsVersion = 15.3;
						TestTargetID = 33CE521B2BFC306F00B07F5A;
					};
					33CE52352BFC307200B07F5A = {
						CreatedOnToolsVersion = 15.3;
						TestTargetID = 33CE521B2BFC306F00B07F5A;
					};
				};
			};
			buildConfigurationList = 33CE52172BFC306F00B07F5A /* Build configuration list for PBXProject "iQuiz2" */;
			compatibilityVersion = "Xcode 14.0";
			developmentRegion = en;
			hasScannedForEncodings = 0;
			knownRegions = (
				en,
				Base,
			);
			mainGroup = 33CE52132BFC306F00B07F5A;
			productRefGroup = 33CE521D2BFC306F00B07F5A /* Products */;
			projectDirPath = "";
			projectRoot = "";
			targets = (
				33CE521B2BFC306F00B07F5A /* iQuiz2 */,
				33CE522B2BFC307200B07F5A /* iQuiz2Tests */,
				33CE52352BFC307200B07F5A /* iQuiz2UITests */,
			);
		};
/* End PBXProject section */

/* Begin PBXResourcesBuildPhase section */
		33CE521A2BFC306F00B07F5A /* Resources */ = {
			isa = PBXResourcesBuildPhase;
			buildActionMask = 2147483647;
			files = (
				33CE52272BFC307100B07F5A /* Preview Assets.xcassets in Resources */,
				33CE52242BFC307100B07F5A /* Assets.xcassets in Resources */,
			);
			runOnlyForDeploymentPostprocessing = 0;
		};
		33CE522A2BFC307200B07F5A /* Resources */ = {
			isa = PBXResourcesBuildPhase;
			buildActionMask = 2147483647;
			files = (
			);
			runOnlyForDeploymentPostprocessing = 0;
		};
		33CE52342BFC307200B07F5A /* Resources */ = {
			isa = PBXResourcesBuildPhase;
			buildActionMask = 2147483647;
			files = (
			);
			runOnlyForDeploymentPostprocessing = 0;
		};
/* End PBXResourcesBuildPhase section */

/* Begin PBXSourcesBuildPhase section */
		33CE52182BFC306F00B07F5A /* Sources */ = {
			isa = PBXSourcesBuildPhase;
			buildActionMask = 2147483647;
			files = (
				33CE524E2BFC31D400B07F5A /* SettingsView.swift in Sources */,
				33CE52542BFC32EE00B07F5A /* Question.swift in Sources */,
				33CE52222BFC306F00B07F5A /* ContentView.swift in Sources */,
				33CE52522BFC329A00B07F5A /* QuizTopic.swift in Sources */,
				33CE52502BFC31F900B07F5A /* FinishedView.swift in Sources */,
				33CE524A2BFC30EA00B07F5A /* QuestionView.swift in Sources */,
				33CE524C2BFC31AC00B07F5A /* AnswerView.swift in Sources */,
				33CE52202BFC306F00B07F5A /* iQuiz2App.swift in Sources */,
			);
			runOnlyForDeploymentPostprocessing = 0;
		};
		33CE52282BFC307200B07F5A /* Sources */ = {
			isa = PBXSourcesBuildPhase;
			buildActionMask = 2147483647;
			files = (
				33CE52312BFC307200B07F5A /* iQuiz2Tests.swift in Sources */,
			);
			runOnlyForDeploymentPostprocessing = 0;
		};
		33CE52322BFC307200B07F5A /* Sources */ = {
			isa = PBXSourcesBuildPhase;
			buildActionMask = 2147483647;
			files = (
				33CE523D2BFC307300B07F5A /* iQuiz2UITestsLaunchTests.swift in Sources */,
				33CE523B2BFC307300B07F5A /* iQuiz2UITests.swift in Sources */,
			);
			runOnlyForDeploymentPostprocessing = 0;
		};
/* End PBXSourcesBuildPhase section */

/* Begin PBXTargetDependency section */
		33CE522E2BFC307200B07F5A /* PBXTargetDependency */ = {
			isa = PBXTargetDependency;
			target = 33CE521B2BFC306F00B07F5A /* iQuiz2 */;
			targetProxy = 33CE522D2BFC307200B07F5A /* PBXContainerItemProxy */;
		};
		33CE52382BFC307200B07F5A /* PBXTargetDependency */ = {
			isa = PBXTargetDependency;
			target = 33CE521B2BFC306F00B07F5A /* iQuiz2 */;
			targetProxy = 33CE52372BFC307200B07F5A /* PBXContainerItemProxy */;
		};
/* End PBXTargetDependency section */

/* Begin XCBuildConfiguration section */
		33CE523E2BFC307300B07F5A /* Debug */ = {
			isa = XCBuildConfiguration;
			buildSettings = {
				ALWAYS_SEARCH_USER_PATHS = NO;
				ASSETCATALOG_COMPILER_GENERATE_SWIFT_ASSET_SYMBOL_EXTENSIONS = YES;
				CLANG_ANALYZER_NONNULL = YES;
				CLANG_ANALYZER_NUMBER_OBJECT_CONVERSION = YES_AGGRESSIVE;
				CLANG_CXX_LANGUAGE_STANDARD = "gnu++20";
				CLANG_ENABLE_MODULES = YES;
				CLANG_ENABLE_OBJC_ARC = YES;
				CLANG_ENABLE_OBJC_WEAK = YES;
				CLANG_WARN_BLOCK_CAPTURE_AUTORELEASING = YES;
				CLANG_WARN_BOOL_CONVERSION = YES;
				CLANG_WARN_COMMA = YES;
				CLANG_WARN_CONSTANT_CONVERSION = YES;
				CLANG_WARN_DEPRECATED_OBJC_IMPLEMENTATIONS = YES;
				CLANG_WARN_DIRECT_OBJC_ISA_USAGE = YES_ERROR;
				CLANG_WARN_DOCUMENTATION_COMMENTS = YES;
				CLANG_WARN_EMPTY_BODY = YES;
				CLANG_WARN_ENUM_CONVERSION = YES;
				CLANG_WARN_INFINITE_RECURSION = YES;
				CLANG_WARN_INT_CONVERSION = YES;
				CLANG_WARN_NON_LITERAL_NULL_CONVERSION = YES;
				CLANG_WARN_OBJC_IMPLICIT_RETAIN_SELF = YES;
				CLANG_WARN_OBJC_LITERAL_CONVERSION = YES;
				CLANG_WARN_OBJC_ROOT_CLASS = YES_ERROR;
				CLANG_WARN_QUOTED_INCLUDE_IN_FRAMEWORK_HEADER = YES;
				CLANG_WARN_RANGE_LOOP_ANALYSIS = YES;
				CLANG_WARN_STRICT_PROTOTYPES = YES;
				CLANG_WARN_SUSPICIOUS_MOVE = YES;
				CLANG_WARN_UNGUARDED_AVAILABILITY = YES_AGGRESSIVE;
				CLANG_WARN_UNREACHABLE_CODE = YES;
				CLANG_WARN__DUPLICATE_METHOD_MATCH = YES;
				COPY_PHASE_STRIP = NO;
				DEBUG_INFORMATION_FORMAT = dwarf;
				ENABLE_STRICT_OBJC_MSGSEND = YES;
				ENABLE_TESTABILITY = YES;
				ENABLE_USER_SCRIPT_SANDBOXING = YES;
				GCC_C_LANGUAGE_STANDARD = gnu17;
				GCC_DYNAMIC_NO_PIC = NO;
				GCC_NO_COMMON_BLOCKS = YES;
				GCC_OPTIMIZATION_LEVEL = 0;
				GCC_PREPROCESSOR_DEFINITIONS = (
					"DEBUG=1",
					"$(inherited)",
				);
				GCC_WARN_64_TO_32_BIT_CONVERSION = YES;
				GCC_WARN_ABOUT_RETURN_TYPE = YES_ERROR;
				GCC_WARN_UNDECLARED_SELECTOR = YES;
				GCC_WARN_UNINITIALIZED_AUTOS = YES_AGGRESSIVE;
				GCC_WARN_UNUSED_FUNCTION = YES;
				GCC_WARN_UNUSED_VARIABLE = YES;
				IPHONEOS_DEPLOYMENT_TARGET = 17.4;
				LOCALIZATION_PREFERS_STRING_CATALOGS = YES;
				MTL_ENABLE_DEBUG_INFO = INCLUDE_SOURCE;
				MTL_FAST_MATH = YES;
				ONLY_ACTIVE_ARCH = YES;
				SDKROOT = iphoneos;
				SWIFT_ACTIVE_COMPILATION_CONDITIONS = "DEBUG $(inherited)";
				SWIFT_OPTIMIZATION_LEVEL = "-Onone";
			};
			name = Debug;
		};
		33CE523F2BFC307300B07F5A /* Release */ = {
			isa = XCBuildConfiguration;
			buildSettings = {
				ALWAYS_SEARCH_USER_PATHS = NO;
				ASSETCATALOG_COMPILER_GENERATE_SWIFT_ASSET_SYMBOL_EXTENSIONS = YES;
				CLANG_ANALYZER_NONNULL = YES;
				CLANG_ANALYZER_NUMBER_OBJECT_CONVERSION = YES_AGGRESSIVE;
				CLANG_CXX_LANGUAGE_STANDARD = "gnu++20";
				CLANG_ENABLE_MODULES = YES;
				CLANG_ENABLE_OBJC_ARC = YES;
				CLANG_ENABLE_OBJC_WEAK = YES;
				CLANG_WARN_BLOCK_CAPTURE_AUTORELEASING = YES;
				CLANG_WARN_BOOL_CONVERSION = YES;
				CLANG_WARN_COMMA = YES;
				CLANG_WARN_CONSTANT_CONVERSION = YES;
				CLANG_WARN_DEPRECATED_OBJC_IMPLEMENTATIONS = YES;
				CLANG_WARN_DIRECT_OBJC_ISA_USAGE = YES_ERROR;
				CLANG_WARN_DOCUMENTATION_COMMENTS = YES;
				CLANG_WARN_EMPTY_BODY = YES;
				CLANG_WARN_ENUM_CONVERSION = YES;
				CLANG_WARN_INFINITE_RECURSION = YES;
				CLANG_WARN_INT_CONVERSION = YES;
				CLANG_WARN_NON_LITERAL_NULL_CONVERSION = YES;
				CLANG_WARN_OBJC_IMPLICIT_RETAIN_SELF = YES;
				CLANG_WARN_OBJC_LITERAL_CONVERSION = YES;
				CLANG_WARN_OBJC_ROOT_CLASS = YES_ERROR;
				CLANG_WARN_QUOTED_INCLUDE_IN_FRAMEWORK_HEADER = YES;
				CLANG_WARN_RANGE_LOOP_ANALYSIS = YES;
				CLANG_WARN_STRICT_PROTOTYPES = YES;
				CLANG_WARN_SUSPICIOUS_MOVE = YES;
				CLANG_WARN_UNGUARDED_AVAILABILITY = YES_AGGRESSIVE;
				CLANG_WARN_UNREACHABLE_CODE = YES;
				CLANG_WARN__DUPLICATE_METHOD_MATCH = YES;
				COPY_PHASE_STRIP = NO;
				DEBUG_INFORMATION_FORMAT = "dwarf-with-dsym";
				ENABLE_NS_ASSERTIONS = NO;
				ENABLE_STRICT_OBJC_MSGSEND = YES;
				ENABLE_USER_SCRIPT_SANDBOXING = YES;
				GCC_C_LANGUAGE_STANDARD = gnu17;
				GCC_NO_COMMON_BLOCKS = YES;
				GCC_WARN_64_TO_32_BIT_CONVERSION = YES;
				GCC_WARN_ABOUT_RETURN_TYPE = YES_ERROR;
				GCC_WARN_UNDECLARED_SELECTOR = YES;
				GCC_WARN_UNINITIALIZED_AUTOS = YES_AGGRESSIVE;
				GCC_WARN_UNUSED_FUNCTION = YES;
				GCC_WARN_UNUSED_VARIABLE = YES;
				IPHONEOS_DEPLOYMENT_TARGET = 17.4;
				LOCALIZATION_PREFERS_STRING_CATALOGS = YES;
				MTL_ENABLE_DEBUG_INFO = NO;
				MTL_FAST_MATH = YES;
				SDKROOT = iphoneos;
				SWIFT_COMPILATION_MODE = wholemodule;
				VALIDATE_PRODUCT = YES;
			};
			name = Release;
		};
		33CE52412BFC307300B07F5A /* Debug */ = {
			isa = XCBuildConfiguration;
			buildSettings = {
				ASSETCATALOG_COMPILER_APPICON_NAME = AppIcon;
				ASSETCATALOG_COMPILER_GLOBAL_ACCENT_COLOR_NAME = AccentColor;
				CODE_SIGN_STYLE = Automatic;
				CURRENT_PROJECT_VERSION = 1;
				DEVELOPMENT_ASSET_PATHS = "\"iQuiz2/Preview Content\"";
				ENABLE_PREVIEWS = YES;
				GENERATE_INFOPLIST_FILE = YES;
				INFOPLIST_KEY_UIApplicationSceneManifest_Generation = YES;
				INFOPLIST_KEY_UIApplicationSupportsIndirectInputEvents = YES;
				INFOPLIST_KEY_UILaunchScreen_Generation = YES;
				INFOPLIST_KEY_UISupportedInterfaceOrientations_iPad = "UIInterfaceOrientationPortrait UIInterfaceOrientationPortraitUpsideDown UIInterfaceOrientationLandscapeLeft UIInterfaceOrientationLandscapeRight";
				INFOPLIST_KEY_UISupportedInterfaceOrientations_iPhone = "UIInterfaceOrientationPortrait UIInterfaceOrientationLandscapeLeft UIInterfaceOrientationLandscapeRight";
				LD_RUNPATH_SEARCH_PATHS = (
					"$(inherited)",
					"@executable_path/Frameworks",
				);
				MARKETING_VERSION = 1.0;
				PRODUCT_BUNDLE_IDENTIFIER = edu.uw.ischool.tammyn3.iQuiz2;
				PRODUCT_NAME = "$(TARGET_NAME)";
				SWIFT_EMIT_LOC_STRINGS = YES;
				SWIFT_VERSION = 5.0;
				TARGETED_DEVICE_FAMILY = "1,2";
			};
			name = Debug;
		};
		33CE52422BFC307300B07F5A /* Release */ = {
			isa = XCBuildConfiguration;
			buildSettings = {
				ASSETCATALOG_COMPILER_APPICON_NAME = AppIcon;
				ASSETCATALOG_COMPILER_GLOBAL_ACCENT_COLOR_NAME = AccentColor;
				CODE_SIGN_STYLE = Automatic;
				CURRENT_PROJECT_VERSION = 1;
				DEVELOPMENT_ASSET_PATHS = "\"iQuiz2/Preview Content\"";
				ENABLE_PREVIEWS = YES;
				GENERATE_INFOPLIST_FILE = YES;
				INFOPLIST_KEY_UIApplicationSceneManifest_Generation = YES;
				INFOPLIST_KEY_UIApplicationSupportsIndirectInputEvents = YES;
				INFOPLIST_KEY_UILaunchScreen_Generation = YES;
				INFOPLIST_KEY_UISupportedInterfaceOrientations_iPad = "UIInterfaceOrientationPortrait UIInterfaceOrientationPortraitUpsideDown UIInterfaceOrientationLandscapeLeft UIInterfaceOrientationLandscapeRight";
				INFOPLIST_KEY_UISupportedInterfaceOrientations_iPhone = "UIInterfaceOrientationPortrait UIInterfaceOrientationLandscapeLeft UIInterfaceOrientationLandscapeRight";
				LD_RUNPATH_SEARCH_PATHS = (
					"$(inherited)",
					"@executable_path/Frameworks",
				);
				MARKETING_VERSION = 1.0;
				PRODUCT_BUNDLE_IDENTIFIER = edu.uw.ischool.tammyn3.iQuiz2;
				PRODUCT_NAME = "$(TARGET_NAME)";
				SWIFT_EMIT_LOC_STRINGS = YES;
				SWIFT_VERSION = 5.0;
				TARGETED_DEVICE_FAMILY = "1,2";
			};
			name = Release;
		};
		33CE52442BFC307300B07F5A /* Debug */ = {
			isa = XCBuildConfiguration;
			buildSettings = {
				ALWAYS_EMBED_SWIFT_STANDARD_LIBRARIES = YES;
				BUNDLE_LOADER = "$(TEST_HOST)";
				CODE_SIGN_STYLE = Automatic;
				CURRENT_PROJECT_VERSION = 1;
				GENERATE_INFOPLIST_FILE = YES;
				IPHONEOS_DEPLOYMENT_TARGET = 17.4;
				MARKETING_VERSION = 1.0;
				PRODUCT_BUNDLE_IDENTIFIER = edu.uw.ischool.tammyn3.iQuiz2Tests;
				PRODUCT_NAME = "$(TARGET_NAME)";
				SWIFT_EMIT_LOC_STRINGS = NO;
				SWIFT_VERSION = 5.0;
				TARGETED_DEVICE_FAMILY = "1,2";
				TEST_HOST = "$(BUILT_PRODUCTS_DIR)/iQuiz2.app/$(BUNDLE_EXECUTABLE_FOLDER_PATH)/iQuiz2";
			};
			name = Debug;
		};
		33CE52452BFC307300B07F5A /* Release */ = {
			isa = XCBuildConfiguration;
			buildSettings = {
				ALWAYS_EMBED_SWIFT_STANDARD_LIBRARIES = YES;
				BUNDLE_LOADER = "$(TEST_HOST)";
				CODE_SIGN_STYLE = Automatic;
				CURRENT_PROJECT_VERSION = 1;
				GENERATE_INFOPLIST_FILE = YES;
				IPHONEOS_DEPLOYMENT_TARGET = 17.4;
				MARKETING_VERSION = 1.0;
				PRODUCT_BUNDLE_IDENTIFIER = edu.uw.ischool.tammyn3.iQuiz2Tests;
				PRODUCT_NAME = "$(TARGET_NAME)";
				SWIFT_EMIT_LOC_STRINGS = NO;
				SWIFT_VERSION = 5.0;
				TARGETED_DEVICE_FAMILY = "1,2";
				TEST_HOST = "$(BUILT_PRODUCTS_DIR)/iQuiz2.app/$(BUNDLE_EXECUTABLE_FOLDER_PATH)/iQuiz2";
			};
			name = Release;
		};
		33CE52472BFC307300B07F5A /* Debug */ = {
			isa = XCBuildConfiguration;
			buildSettings = {
				ALWAYS_EMBED_SWIFT_STANDARD_LIBRARIES = YES;
				CODE_SIGN_STYLE = Automatic;
				CURRENT_PROJECT_VERSION = 1;
				GENERATE_INFOPLIST_FILE = YES;
				MARKETING_VERSION = 1.0;
				PRODUCT_BUNDLE_IDENTIFIER = edu.uw.ischool.tammyn3.iQuiz2UITests;
				PRODUCT_NAME = "$(TARGET_NAME)";
				SWIFT_EMIT_LOC_STRINGS = NO;
				SWIFT_VERSION = 5.0;
				TARGETED_DEVICE_FAMILY = "1,2";
				TEST_TARGET_NAME = iQuiz2;
			};
			name = Debug;
		};
		33CE52482BFC307300B07F5A /* Release */ = {
			isa = XCBuildConfiguration;
			buildSettings = {
				ALWAYS_EMBED_SWIFT_STANDARD_LIBRARIES = YES;
				CODE_SIGN_STYLE = Automatic;
				CURRENT_PROJECT_VERSION = 1;
				GENERATE_INFOPLIST_FILE = YES;
				MARKETING_VERSION = 1.0;
				PRODUCT_BUNDLE_IDENTIFIER = edu.uw.ischool.tammyn3.iQuiz2UITests;
				PRODUCT_NAME = "$(TARGET_NAME)";
				SWIFT_EMIT_LOC_STRINGS = NO;
				SWIFT_VERSION = 5.0;
				TARGETED_DEVICE_FAMILY = "1,2";
				TEST_TARGET_NAME = iQuiz2;
			};
			name = Release;
		};
/* End XCBuildConfiguration section */

/* Begin XCConfigurationList section */
		33CE52172BFC306F00B07F5A /* Build configuration list for PBXProject "iQuiz2" */ = {
			isa = XCConfigurationList;
			buildConfigurations = (
				33CE523E2BFC307300B07F5A /* Debug */,
				33CE523F2BFC307300B07F5A /* Release */,
			);
			defaultConfigurationIsVisible = 0;
			defaultConfigurationName = Release;
		};
		33CE52402BFC307300B07F5A /* Build configuration list for PBXNativeTarget "iQuiz2" */ = {
			isa = XCConfigurationList;
			buildConfigurations = (
				33CE52412BFC307300B07F5A /* Debug */,
				33CE52422BFC307300B07F5A /* Release */,
			);
			defaultConfigurationIsVisible = 0;
			defaultConfigurationName = Release;
		};
		33CE52432BFC307300B07F5A /* Build configuration list for PBXNativeTarget "iQuiz2Tests" */ = {
			isa = XCConfigurationList;
			buildConfigurations = (
				33CE52442BFC307300B07F5A /* Debug */,
				33CE52452BFC307300B07F5A /* Release */,
			);
			defaultConfigurationIsVisible = 0;
			defaultConfigurationName = Release;
		};
		33CE52462BFC307300B07F5A /* Build configuration list for PBXNativeTarget "iQuiz2UITests" */ = {
			isa = XCConfigurationList;
			buildConfigurations = (
				33CE52472BFC307300B07F5A /* Debug */,
				33CE52482BFC307300B07F5A /* Release */,
			);
			defaultConfigurationIsVisible = 0;
			defaultConfigurationName = Release;
		};
/* End XCConfigurationList section */
	};
	rootObject = 33CE52142BFC306F00B07F5A /* Project object */;
}
