// !$*UTF8*$!
{
	archiveVersion = 1;
	classes = {
	};
	objectVersion = 56;
	objects = {

/* Begin PBXBuildFile section */
		338D2D982BE5C061004B42FA /* AppDelegate.swift in Sources */ = {isa = PBXBuildFile; fileRef = 338D2D972BE5C061004B42FA /* AppDelegate.swift */; };
		338D2D9A2BE5C061004B42FA /* SceneDelegate.swift in Sources */ = {isa = PBXBuildFile; fileRef = 338D2D992BE5C061004B42FA /* SceneDelegate.swift */; };
		338D2D9C2BE5C061004B42FA /* ViewController.swift in Sources */ = {isa = PBXBuildFile; fileRef = 338D2D9B2BE5C061004B42FA /* ViewController.swift */; };
		338D2D9F2BE5C061004B42FA /* Base in Resources */ = {isa = PBXBuildFile; fileRef = 338D2D9E2BE5C061004B42FA /* Base */; };
		338D2DA12BE5C066004B42FA /* Assets.xcassets in Resources */ = {isa = PBXBuildFile; fileRef = 338D2DA02BE5C066004B42FA /* Assets.xcassets */; };
		338D2DA42BE5C066004B42FA /* Base in Resources */ = {isa = PBXBuildFile; fileRef = 338D2DA32BE5C066004B42FA /* Base */; };
		338D2DAF2BE5C066004B42FA /* iQuizTests.swift in Sources */ = {isa = PBXBuildFile; fileRef = 338D2DAE2BE5C066004B42FA /* iQuizTests.swift */; };
		338D2DB92BE5C066004B42FA /* iQuizUITests.swift in Sources */ = {isa = PBXBuildFile; fileRef = 338D2DB82BE5C066004B42FA /* iQuizUITests.swift */; };
		338D2DBB2BE5C066004B42FA /* iQuizUITestsLaunchTests.swift in Sources */ = {isa = PBXBuildFile; fileRef = 338D2DBA2BE5C066004B42FA /* iQuizUITestsLaunchTests.swift */; };
		338D2DCA2BEC06FF004B42FA /* TableViewCell.swift in Sources */ = {isa = PBXBuildFile; fileRef = 338D2DC92BEC06FF004B42FA /* TableViewCell.swift */; };
/* End PBXBuildFile section */

/* Begin PBXContainerItemProxy section */
		338D2DAB2BE5C066004B42FA /* PBXContainerItemProxy */ = {
			isa = PBXContainerItemProxy;
			containerPortal = 338D2D8C2BE5C061004B42FA /* Project object */;
			proxyType = 1;
			remoteGlobalIDString = 338D2D932BE5C061004B42FA;
			remoteInfo = iQuiz;
		};
		338D2DB52BE5C066004B42FA /* PBXContainerItemProxy */ = {
			isa = PBXContainerItemProxy;
			containerPortal = 338D2D8C2BE5C061004B42FA /* Project object */;
			proxyType = 1;
			remoteGlobalIDString = 338D2D932BE5C061004B42FA;
			remoteInfo = iQuiz;
		};
/* End PBXContainerItemProxy section */

/* Begin PBXFileReference section */
		338D2D942BE5C061004B42FA /* iQuiz.app */ = {isa = PBXFileReference; explicitFileType = wrapper.application; includeInIndex = 0; path = iQuiz.app; sourceTree = BUILT_PRODUCTS_DIR; };
		338D2D972BE5C061004B42FA /* AppDelegate.swift */ = {isa = PBXFileReference; lastKnownFileType = sourcecode.swift; path = AppDelegate.swift; sourceTree = "<group>"; };
		338D2D992BE5C061004B42FA /* SceneDelegate.swift */ = {isa = PBXFileReference; lastKnownFileType = sourcecode.swift; path = SceneDelegate.swift; sourceTree = "<group>"; };
		338D2D9B2BE5C061004B42FA /* ViewController.swift */ = {isa = PBXFileReference; lastKnownFileType = sourcecode.swift; path = ViewController.swift; sourceTree = "<group>"; };
		338D2D9E2BE5C061004B42FA /* Base */ = {isa = PBXFileReference; lastKnownFileType = file.storyboard; name = Base; path = Base.lproj/Main.storyboard; sourceTree = "<group>"; };
		338D2DA02BE5C066004B42FA /* Assets.xcassets */ = {isa = PBXFileReference; lastKnownFileType = folder.assetcatalog; path = Assets.xcassets; sourceTree = "<group>"; };
		338D2DA32BE5C066004B42FA /* Base */ = {isa = PBXFileReference; lastKnownFileType = file.storyboard; name = Base; path = Base.lproj/LaunchScreen.storyboard; sourceTree = "<group>"; };
		338D2DA52BE5C066004B42FA /* Info.plist */ = {isa = PBXFileReference; lastKnownFileType = text.plist.xml; path = Info.plist; sourceTree = "<group>"; };
		338D2DAA2BE5C066004B42FA /* iQuizTests.xctest */ = {isa = PBXFileReference; explicitFileType = wrapper.cfbundle; includeInIndex = 0; path = iQuizTests.xctest; sourceTree = BUILT_PRODUCTS_DIR; };
		338D2DAE2BE5C066004B42FA /* iQuizTests.swift */ = {isa = PBXFileReference; lastKnownFileType = sourcecode.swift; path = iQuizTests.swift; sourceTree = "<group>"; };
		338D2DB42BE5C066004B42FA /* iQuizUITests.xctest */ = {isa = PBXFileReference; explicitFileType = wrapper.cfbundle; includeInIndex = 0; path = iQuizUITests.xctest; sourceTree = BUILT_PRODUCTS_DIR; };
		338D2DB82BE5C066004B42FA /* iQuizUITests.swift */ = {isa = PBXFileReference; lastKnownFileType = sourcecode.swift; path = iQuizUITests.swift; sourceTree = "<group>"; };
		338D2DBA2BE5C066004B42FA /* iQuizUITestsLaunchTests.swift */ = {isa = PBXFileReference; lastKnownFileType = sourcecode.swift; path = iQuizUITestsLaunchTests.swift; sourceTree = "<group>"; };
		338D2DC92BEC06FF004B42FA /* TableViewCell.swift */ = {isa = PBXFileReference; lastKnownFileType = sourcecode.swift; path = TableViewCell.swift; sourceTree = "<group>"; };
/* End PBXFileReference section */

/* Begin PBXFrameworksBuildPhase section */
		338D2D912BE5C061004B42FA /* Frameworks */ = {
			isa = PBXFrameworksBuildPhase;
			buildActionMask = 2147483647;
			files = (
			);
			runOnlyForDeploymentPostprocessing = 0;
		};
		338D2DA72BE5C066004B42FA /* Frameworks */ = {
			isa = PBXFrameworksBuildPhase;
			buildActionMask = 2147483647;
			files = (
			);
			runOnlyForDeploymentPostprocessing = 0;
		};
		338D2DB12BE5C066004B42FA /* Frameworks */ = {
			isa = PBXFrameworksBuildPhase;
			buildActionMask = 2147483647;
			files = (
			);
			runOnlyForDeploymentPostprocessing = 0;
		};
/* End PBXFrameworksBuildPhase section */

/* Begin PBXGroup section */
		338D2D8B2BE5C061004B42FA = {
			isa = PBXGroup;
			children = (
				338D2D962BE5C061004B42FA /* iQuiz */,
				338D2DAD2BE5C066004B42FA /* iQuizTests */,
				338D2DB72BE5C066004B42FA /* iQuizUITests */,
				338D2D952BE5C061004B42FA /* Products */,
			);
			sourceTree = "<group>";
		};
		338D2D952BE5C061004B42FA /* Products */ = {
			isa = PBXGroup;
			children = (
				338D2D942BE5C061004B42FA /* iQuiz.app */,
				338D2DAA2BE5C066004B42FA /* iQuizTests.xctest */,
				338D2DB42BE5C066004B42FA /* iQuizUITests.xctest */,
			);
			name = Products;
			sourceTree = "<group>";
		};
		338D2D962BE5C061004B42FA /* iQuiz */ = {
			isa = PBXGroup;
			children = (
				338D2D972BE5C061004B42FA /* AppDelegate.swift */,
				338D2D992BE5C061004B42FA /* SceneDelegate.swift */,
				338D2D9B2BE5C061004B42FA /* ViewController.swift */,
				338D2DC92BEC06FF004B42FA /* TableViewCell.swift */,
				338D2D9D2BE5C061004B42FA /* Main.storyboard */,
				338D2DA02BE5C066004B42FA /* Assets.xcassets */,
				338D2DA22BE5C066004B42FA /* LaunchScreen.storyboard */,
				338D2DA52BE5C066004B42FA /* Info.plist */,
			);
			path = iQuiz;
			sourceTree = "<group>";
		};
		338D2DAD2BE5C066004B42FA /* iQuizTests */ = {
			isa = PBXGroup;
			children = (
				338D2DAE2BE5C066004B42FA /* iQuizTests.swift */,
			);
			path = iQuizTests;
			sourceTree = "<group>";
		};
		338D2DB72BE5C066004B42FA /* iQuizUITests */ = {
			isa = PBXGroup;
			children = (
				338D2DB82BE5C066004B42FA /* iQuizUITests.swift */,
				338D2DBA2BE5C066004B42FA /* iQuizUITestsLaunchTests.swift */,
			);
			path = iQuizUITests;
			sourceTree = "<group>";
		};
/* End PBXGroup section */

/* Begin PBXNativeTarget section */
		338D2D932BE5C061004B42FA /* iQuiz */ = {
			isa = PBXNativeTarget;
			buildConfigurationList = 338D2DBE2BE5C066004B42FA /* Build configuration list for PBXNativeTarget "iQuiz" */;
			buildPhases = (
				338D2D902BE5C061004B42FA /* Sources */,
				338D2D912BE5C061004B42FA /* Frameworks */,
				338D2D922BE5C061004B42FA /* Resources */,
			);
			buildRules = (
			);
			dependencies = (
			);
			name = iQuiz;
			productName = iQuiz;
			productReference = 338D2D942BE5C061004B42FA /* iQuiz.app */;
			productType = "com.apple.product-type.application";
		};
		338D2DA92BE5C066004B42FA /* iQuizTests */ = {
			isa = PBXNativeTarget;
			buildConfigurationList = 338D2DC12BE5C066004B42FA /* Build configuration list for PBXNativeTarget "iQuizTests" */;
			buildPhases = (
				338D2DA62BE5C066004B42FA /* Sources */,
				338D2DA72BE5C066004B42FA /* Frameworks */,
				338D2DA82BE5C066004B42FA /* Resources */,
			);
			buildRules = (
			);
			dependencies = (
				338D2DAC2BE5C066004B42FA /* PBXTargetDependency */,
			);
			name = iQuizTests;
			productName = iQuizTests;
			productReference = 338D2DAA2BE5C066004B42FA /* iQuizTests.xctest */;
			productType = "com.apple.product-type.bundle.unit-test";
		};
		338D2DB32BE5C066004B42FA /* iQuizUITests */ = {
			isa = PBXNativeTarget;
			buildConfigurationList = 338D2DC42BE5C066004B42FA /* Build configuration list for PBXNativeTarget "iQuizUITests" */;
			buildPhases = (
				338D2DB02BE5C066004B42FA /* Sources */,
				338D2DB12BE5C066004B42FA /* Frameworks */,
				338D2DB22BE5C066004B42FA /* Resources */,
			);
			buildRules = (
			);
			dependencies = (
				338D2DB62BE5C066004B42FA /* PBXTargetDependency */,
			);
			name = iQuizUITests;
			productName = iQuizUITests;
			productReference = 338D2DB42BE5C066004B42FA /* iQuizUITests.xctest */;
			productType = "com.apple.product-type.bundle.ui-testing";
		};
/* End PBXNativeTarget section */

/* Begin PBXProject section */
		338D2D8C2BE5C061004B42FA /* Project object */ = {
			isa = PBXProject;
			attributes = {
				BuildIndependentTargetsInParallel = 1;
				LastSwiftUpdateCheck = 1530;
				LastUpgradeCheck = 1530;
				TargetAttributes = {
					338D2D932BE5C061004B42FA = {
						CreatedOnToolsVersion = 15.3;
					};
					338D2DA92BE5C066004B42FA = {
						CreatedOnToolsVersion = 15.3;
						TestTargetID = 338D2D932BE5C061004B42FA;
					};
					338D2DB32BE5C066004B42FA = {
						CreatedOnToolsVersion = 15.3;
						TestTargetID = 338D2D932BE5C061004B42FA;
					};
				};
			};
			buildConfigurationList = 338D2D8F2BE5C061004B42FA /* Build configuration list for PBXProject "iQuiz" */;
			compatibilityVersion = "Xcode 14.0";
			developmentRegion = en;
			hasScannedForEncodings = 0;
			knownRegions = (
				en,
				Base,
			);
			mainGroup = 338D2D8B2BE5C061004B42FA;
			productRefGroup = 338D2D952BE5C061004B42FA /* Products */;
			projectDirPath = "";
			projectRoot = "";
			targets = (
				338D2D932BE5C061004B42FA /* iQuiz */,
				338D2DA92BE5C066004B42FA /* iQuizTests */,
				338D2DB32BE5C066004B42FA /* iQuizUITests */,
			);
		};
/* End PBXProject section */

/* Begin PBXResourcesBuildPhase section */
		338D2D922BE5C061004B42FA /* Resources */ = {
			isa = PBXResourcesBuildPhase;
			buildActionMask = 2147483647;
			files = (
				338D2DA12BE5C066004B42FA /* Assets.xcassets in Resources */,
				338D2DA42BE5C066004B42FA /* Base in Resources */,
				338D2D9F2BE5C061004B42FA /* Base in Resources */,
			);
			runOnlyForDeploymentPostprocessing = 0;
		};
		338D2DA82BE5C066004B42FA /* Resources */ = {
			isa = PBXResourcesBuildPhase;
			buildActionMask = 2147483647;
			files = (
			);
			runOnlyForDeploymentPostprocessing = 0;
		};
		338D2DB22BE5C066004B42FA /* Resources */ = {
			isa = PBXResourcesBuildPhase;
			buildActionMask = 2147483647;
			files = (
			);
			runOnlyForDeploymentPostprocessing = 0;
		};
/* End PBXResourcesBuildPhase section */

/* Begin PBXSourcesBuildPhase section */
		338D2D902BE5C061004B42FA /* Sources */ = {
			isa = PBXSourcesBuildPhase;
			buildActionMask = 2147483647;
			files = (
				338D2D9C2BE5C061004B42FA /* ViewController.swift in Sources */,
				338D2DCA2BEC06FF004B42FA /* TableViewCell.swift in Sources */,
				338D2D982BE5C061004B42FA /* AppDelegate.swift in Sources */,
				338D2D9A2BE5C061004B42FA /* SceneDelegate.swift in Sources */,
			);
			runOnlyForDeploymentPostprocessing = 0;
		};
		338D2DA62BE5C066004B42FA /* Sources */ = {
			isa = PBXSourcesBuildPhase;
			buildActionMask = 2147483647;
			files = (
				338D2DAF2BE5C066004B42FA /* iQuizTests.swift in Sources */,
			);
			runOnlyForDeploymentPostprocessing = 0;
		};
		338D2DB02BE5C066004B42FA /* Sources */ = {
			isa = PBXSourcesBuildPhase;
			buildActionMask = 2147483647;
			files = (
				338D2DB92BE5C066004B42FA /* iQuizUITests.swift in Sources */,
				338D2DBB2BE5C066004B42FA /* iQuizUITestsLaunchTests.swift in Sources */,
			);
			runOnlyForDeploymentPostprocessing = 0;
		};
/* End PBXSourcesBuildPhase section */

/* Begin PBXTargetDependency section */
		338D2DAC2BE5C066004B42FA /* PBXTargetDependency */ = {
			isa = PBXTargetDependency;
			target = 338D2D932BE5C061004B42FA /* iQuiz */;
			targetProxy = 338D2DAB2BE5C066004B42FA /* PBXContainerItemProxy */;
		};
		338D2DB62BE5C066004B42FA /* PBXTargetDependency */ = {
			isa = PBXTargetDependency;
			target = 338D2D932BE5C061004B42FA /* iQuiz */;
			targetProxy = 338D2DB52BE5C066004B42FA /* PBXContainerItemProxy */;
		};
/* End PBXTargetDependency section */

/* Begin PBXVariantGroup section */
		338D2D9D2BE5C061004B42FA /* Main.storyboard */ = {
			isa = PBXVariantGroup;
			children = (
				338D2D9E2BE5C061004B42FA /* Base */,
			);
			name = Main.storyboard;
			sourceTree = "<group>";
		};
		338D2DA22BE5C066004B42FA /* LaunchScreen.storyboard */ = {
			isa = PBXVariantGroup;
			children = (
				338D2DA32BE5C066004B42FA /* Base */,
			);
			name = LaunchScreen.storyboard;
			sourceTree = "<group>";
		};
/* End PBXVariantGroup section */

/* Begin XCBuildConfiguration section */
		338D2DBC2BE5C066004B42FA /* Debug */ = {
			isa = XCBuildConfiguration;
			buildSettings = {
				ALWAYS_SEARCH_USER_PATHS = NO;
				ASSETCATALOG_COMPILER_GENERATE_SWIFT_ASSET_SYMBOL_EXTENSIONS = YES;
				CLANG_ANALYZER_NONNULL = YES;
				CLANG_ANALYZER_NUMBER_OBJECT_CONVERSION = YES_AGGRESSIVE;
				CLANG_CXX_LANGUAGE_STANDARD = "gnu++20";
				CLANG_ENABLE_MODULES = YES;
				CLANG_ENABLE_OBJC_ARC = YES;
				CLANG_ENABLE_OBJC_WEAK = YES;
				CLANG_WARN_BLOCK_CAPTURE_AUTORELEASING = YES;
				CLANG_WARN_BOOL_CONVERSION = YES;
				CLANG_WARN_COMMA = YES;
				CLANG_WARN_CONSTANT_CONVERSION = YES;
				CLANG_WARN_DEPRECATED_OBJC_IMPLEMENTATIONS = YES;
				CLANG_WARN_DIRECT_OBJC_ISA_USAGE = YES_ERROR;
				CLANG_WARN_DOCUMENTATION_COMMENTS = YES;
				CLANG_WARN_EMPTY_BODY = YES;
				CLANG_WARN_ENUM_CONVERSION = YES;
				CLANG_WARN_INFINITE_RECURSION = YES;
				CLANG_WARN_INT_CONVERSION = YES;
				CLANG_WARN_NON_LITERAL_NULL_CONVERSION = YES;
				CLANG_WARN_OBJC_IMPLICIT_RETAIN_SELF = YES;
				CLANG_WARN_OBJC_LITERAL_CONVERSION = YES;
				CLANG_WARN_OBJC_ROOT_CLASS = YES_ERROR;
				CLANG_WARN_QUOTED_INCLUDE_IN_FRAMEWORK_HEADER = YES;
				CLANG_WARN_RANGE_LOOP_ANALYSIS = YES;
				CLANG_WARN_STRICT_PROTOTYPES = YES;
				CLANG_WARN_SUSPICIOUS_MOVE = YES;
				CLANG_WARN_UNGUARDED_AVAILABILITY = YES_AGGRESSIVE;
				CLANG_WARN_UNREACHABLE_CODE = YES;
				CLANG_WARN__DUPLICATE_METHOD_MATCH = YES;
				COPY_PHASE_STRIP = NO;
				DEBUG_INFORMATION_FORMAT = dwarf;
				ENABLE_STRICT_OBJC_MSGSEND = YES;
				ENABLE_TESTABILITY = YES;
				ENABLE_USER_SCRIPT_SANDBOXING = YES;
				GCC_C_LANGUAGE_STANDARD = gnu17;
				GCC_DYNAMIC_NO_PIC = NO;
				GCC_NO_COMMON_BLOCKS = YES;
				GCC_OPTIMIZATION_LEVEL = 0;
				GCC_PREPROCESSOR_DEFINITIONS = (
					"DEBUG=1",
					"$(inherited)",
				);
				GCC_WARN_64_TO_32_BIT_CONVERSION = YES;
				GCC_WARN_ABOUT_RETURN_TYPE = YES_ERROR;
				GCC_WARN_UNDECLARED_SELECTOR = YES;
				GCC_WARN_UNINITIALIZED_AUTOS = YES_AGGRESSIVE;
				GCC_WARN_UNUSED_FUNCTION = YES;
				GCC_WARN_UNUSED_VARIABLE = YES;
				IPHONEOS_DEPLOYMENT_TARGET = 17.4;
				LOCALIZATION_PREFERS_STRING_CATALOGS = YES;
				MTL_ENABLE_DEBUG_INFO = INCLUDE_SOURCE;
				MTL_FAST_MATH = YES;
				ONLY_ACTIVE_ARCH = YES;
				SDKROOT = iphoneos;
				SWIFT_ACTIVE_COMPILATION_CONDITIONS = "DEBUG $(inherited)";
				SWIFT_OPTIMIZATION_LEVEL = "-Onone";
			};
			name = Debug;
		};
		338D2DBD2BE5C066004B42FA /* Release */ = {
			isa = XCBuildConfiguration;
			buildSettings = {
				ALWAYS_SEARCH_USER_PATHS = NO;
				ASSETCATALOG_COMPILER_GENERATE_SWIFT_ASSET_SYMBOL_EXTENSIONS = YES;
				CLANG_ANALYZER_NONNULL = YES;
				CLANG_ANALYZER_NUMBER_OBJECT_CONVERSION = YES_AGGRESSIVE;
				CLANG_CXX_LANGUAGE_STANDARD = "gnu++20";
				CLANG_ENABLE_MODULES = YES;
				CLANG_ENABLE_OBJC_ARC = YES;
				CLANG_ENABLE_OBJC_WEAK = YES;
				CLANG_WARN_BLOCK_CAPTURE_AUTORELEASING = YES;
				CLANG_WARN_BOOL_CONVERSION = YES;
				CLANG_WARN_COMMA = YES;
				CLANG_WARN_CONSTANT_CONVERSION = YES;
				CLANG_WARN_DEPRECATED_OBJC_IMPLEMENTATIONS = YES;
				CLANG_WARN_DIRECT_OBJC_ISA_USAGE = YES_ERROR;
				CLANG_WARN_DOCUMENTATION_COMMENTS = YES;
				CLANG_WARN_EMPTY_BODY = YES;
				CLANG_WARN_ENUM_CONVERSION = YES;
				CLANG_WARN_INFINITE_RECURSION = YES;
				CLANG_WARN_INT_CONVERSION = YES;
				CLANG_WARN_NON_LITERAL_NULL_CONVERSION = YES;
				CLANG_WARN_OBJC_IMPLICIT_RETAIN_SELF = YES;
				CLANG_WARN_OBJC_LITERAL_CONVERSION = YES;
				CLANG_WARN_OBJC_ROOT_CLASS = YES_ERROR;
				CLANG_WARN_QUOTED_INCLUDE_IN_FRAMEWORK_HEADER = YES;
				CLANG_WARN_RANGE_LOOP_ANALYSIS = YES;
				CLANG_WARN_STRICT_PROTOTYPES = YES;
				CLANG_WARN_SUSPICIOUS_MOVE = YES;
				CLANG_WARN_UNGUARDED_AVAILABILITY = YES_AGGRESSIVE;
				CLANG_WARN_UNREACHABLE_CODE = YES;
				CLANG_WARN__DUPLICATE_METHOD_MATCH = YES;
				COPY_PHASE_STRIP = NO;
				DEBUG_INFORMATION_FORMAT = "dwarf-with-dsym";
				ENABLE_NS_ASSERTIONS = NO;
				ENABLE_STRICT_OBJC_MSGSEND = YES;
				ENABLE_USER_SCRIPT_SANDBOXING = YES;
				GCC_C_LANGUAGE_STANDARD = gnu17;
				GCC_NO_COMMON_BLOCKS = YES;
				GCC_WARN_64_TO_32_BIT_CONVERSION = YES;
				GCC_WARN_ABOUT_RETURN_TYPE = YES_ERROR;
				GCC_WARN_UNDECLARED_SELECTOR = YES;
				GCC_WARN_UNINITIALIZED_AUTOS = YES_AGGRESSIVE;
				GCC_WARN_UNUSED_FUNCTION = YES;
				GCC_WARN_UNUSED_VARIABLE = YES;
				IPHONEOS_DEPLOYMENT_TARGET = 17.4;
				LOCALIZATION_PREFERS_STRING_CATALOGS = YES;
				MTL_ENABLE_DEBUG_INFO = NO;
				MTL_FAST_MATH = YES;
				SDKROOT = iphoneos;
				SWIFT_COMPILATION_MODE = wholemodule;
				VALIDATE_PRODUCT = YES;
			};
			name = Release;
		};
		338D2DBF2BE5C066004B42FA /* Debug */ = {
			isa = XCBuildConfiguration;
			buildSettings = {
				ASSETCATALOG_COMPILER_APPICON_NAME = AppIcon;
				ASSETCATALOG_COMPILER_GLOBAL_ACCENT_COLOR_NAME = AccentColor;
				CODE_SIGN_STYLE = Automatic;
				CURRENT_PROJECT_VERSION = 1;
				GENERATE_INFOPLIST_FILE = YES;
				INFOPLIST_FILE = iQuiz/Info.plist;
				INFOPLIST_KEY_UIApplicationSupportsIndirectInputEvents = YES;
				INFOPLIST_KEY_UILaunchStoryboardName = LaunchScreen;
				INFOPLIST_KEY_UIMainStoryboardFile = Main;
				INFOPLIST_KEY_UISupportedInterfaceOrientations_iPad = "UIInterfaceOrientationPortrait UIInterfaceOrientationPortraitUpsideDown UIInterfaceOrientationLandscapeLeft UIInterfaceOrientationLandscapeRight";
				INFOPLIST_KEY_UISupportedInterfaceOrientations_iPhone = "UIInterfaceOrientationPortrait UIInterfaceOrientationLandscapeLeft UIInterfaceOrientationLandscapeRight";
				LD_RUNPATH_SEARCH_PATHS = (
					"$(inherited)",
					"@executable_path/Frameworks",
				);
				MARKETING_VERSION = 1.0;
				PRODUCT_BUNDLE_IDENTIFIER = edu.uw.ischool.tammyn3.iQuiz;
				PRODUCT_NAME = "$(TARGET_NAME)";
				SWIFT_EMIT_LOC_STRINGS = YES;
				SWIFT_VERSION = 5.0;
				TARGETED_DEVICE_FAMILY = "1,2";
			};
			name = Debug;
		};
		338D2DC02BE5C066004B42FA /* Release */ = {
			isa = XCBuildConfiguration;
			buildSettings = {
				ASSETCATALOG_COMPILER_APPICON_NAME = AppIcon;
				ASSETCATALOG_COMPILER_GLOBAL_ACCENT_COLOR_NAME = AccentColor;
				CODE_SIGN_STYLE = Automatic;
				CURRENT_PROJECT_VERSION = 1;
				GENERATE_INFOPLIST_FILE = YES;
				INFOPLIST_FILE = iQuiz/Info.plist;
				INFOPLIST_KEY_UIApplicationSupportsIndirectInputEvents = YES;
				INFOPLIST_KEY_UILaunchStoryboardName = LaunchScreen;
				INFOPLIST_KEY_UIMainStoryboardFile = Main;
				INFOPLIST_KEY_UISupportedInterfaceOrientations_iPad = "UIInterfaceOrientationPortrait UIInterfaceOrientationPortraitUpsideDown UIInterfaceOrientationLandscapeLeft UIInterfaceOrientationLandscapeRight";
				INFOPLIST_KEY_UISupportedInterfaceOrientations_iPhone = "UIInterfaceOrientationPortrait UIInterfaceOrientationLandscapeLeft UIInterfaceOrientationLandscapeRight";
				LD_RUNPATH_SEARCH_PATHS = (
					"$(inherited)",
					"@executable_path/Frameworks",
				);
				MARKETING_VERSION = 1.0;
				PRODUCT_BUNDLE_IDENTIFIER = edu.uw.ischool.tammyn3.iQuiz;
				PRODUCT_NAME = "$(TARGET_NAME)";
				SWIFT_EMIT_LOC_STRINGS = YES;
				SWIFT_VERSION = 5.0;
				TARGETED_DEVICE_FAMILY = "1,2";
			};
			name = Release;
		};
		338D2DC22BE5C066004B42FA /* Debug */ = {
			isa = XCBuildConfiguration;
			buildSettings = {
				ALWAYS_EMBED_SWIFT_STANDARD_LIBRARIES = YES;
				BUNDLE_LOADER = "$(TEST_HOST)";
				CODE_SIGN_STYLE = Automatic;
				CURRENT_PROJECT_VERSION = 1;
				GENERATE_INFOPLIST_FILE = YES;
				IPHONEOS_DEPLOYMENT_TARGET = 17.4;
				MARKETING_VERSION = 1.0;
				PRODUCT_BUNDLE_IDENTIFIER = edu.uw.ischool.tammyn3.iQuizTests;
				PRODUCT_NAME = "$(TARGET_NAME)";
				SWIFT_EMIT_LOC_STRINGS = NO;
				SWIFT_VERSION = 5.0;
				TARGETED_DEVICE_FAMILY = "1,2";
				TEST_HOST = "$(BUILT_PRODUCTS_DIR)/iQuiz.app/$(BUNDLE_EXECUTABLE_FOLDER_PATH)/iQuiz";
			};
			name = Debug;
		};
		338D2DC32BE5C066004B42FA /* Release */ = {
			isa = XCBuildConfiguration;
			buildSettings = {
				ALWAYS_EMBED_SWIFT_STANDARD_LIBRARIES = YES;
				BUNDLE_LOADER = "$(TEST_HOST)";
				CODE_SIGN_STYLE = Automatic;
				CURRENT_PROJECT_VERSION = 1;
				GENERATE_INFOPLIST_FILE = YES;
				IPHONEOS_DEPLOYMENT_TARGET = 17.4;
				MARKETING_VERSION = 1.0;
				PRODUCT_BUNDLE_IDENTIFIER = edu.uw.ischool.tammyn3.iQuizTests;
				PRODUCT_NAME = "$(TARGET_NAME)";
				SWIFT_EMIT_LOC_STRINGS = NO;
				SWIFT_VERSION = 5.0;
				TARGETED_DEVICE_FAMILY = "1,2";
				TEST_HOST = "$(BUILT_PRODUCTS_DIR)/iQuiz.app/$(BUNDLE_EXECUTABLE_FOLDER_PATH)/iQuiz";
			};
			name = Release;
		};
		338D2DC52BE5C066004B42FA /* Debug */ = {
			isa = XCBuildConfiguration;
			buildSettings = {
				ALWAYS_EMBED_SWIFT_STANDARD_LIBRARIES = YES;
				CODE_SIGN_STYLE = Automatic;
				CURRENT_PROJECT_VERSION = 1;
				GENERATE_INFOPLIST_FILE = YES;
				MARKETING_VERSION = 1.0;
				PRODUCT_BUNDLE_IDENTIFIER = edu.uw.ischool.tammyn3.iQuizUITests;
				PRODUCT_NAME = "$(TARGET_NAME)";
				SWIFT_EMIT_LOC_STRINGS = NO;
				SWIFT_VERSION = 5.0;
				TARGETED_DEVICE_FAMILY = "1,2";
				TEST_TARGET_NAME = iQuiz;
			};
			name = Debug;
		};
		338D2DC62BE5C066004B42FA /* Release */ = {
			isa = XCBuildConfiguration;
			buildSettings = {
				ALWAYS_EMBED_SWIFT_STANDARD_LIBRARIES = YES;
				CODE_SIGN_STYLE = Automatic;
				CURRENT_PROJECT_VERSION = 1;
				GENERATE_INFOPLIST_FILE = YES;
				MARKETING_VERSION = 1.0;
				PRODUCT_BUNDLE_IDENTIFIER = edu.uw.ischool.tammyn3.iQuizUITests;
				PRODUCT_NAME = "$(TARGET_NAME)";
				SWIFT_EMIT_LOC_STRINGS = NO;
				SWIFT_VERSION = 5.0;
				TARGETED_DEVICE_FAMILY = "1,2";
				TEST_TARGET_NAME = iQuiz;
			};
			name = Release;
		};
/* End XCBuildConfiguration section */

/* Begin XCConfigurationList section */
		338D2D8F2BE5C061004B42FA /* Build configuration list for PBXProject "iQuiz" */ = {
			isa = XCConfigurationList;
			buildConfigurations = (
				338D2DBC2BE5C066004B42FA /* Debug */,
				338D2DBD2BE5C066004B42FA /* Release */,
			);
			defaultConfigurationIsVisible = 0;
			defaultConfigurationName = Release;
		};
		338D2DBE2BE5C066004B42FA /* Build configuration list for PBXNativeTarget "iQuiz" */ = {
			isa = XCConfigurationList;
			buildConfigurations = (
				338D2DBF2BE5C066004B42FA /* Debug */,
				338D2DC02BE5C066004B42FA /* Release */,
			);
			defaultConfigurationIsVisible = 0;
			defaultConfigurationName = Release;
		};
		338D2DC12BE5C066004B42FA /* Build configuration list for PBXNativeTarget "iQuizTests" */ = {
			isa = XCConfigurationList;
			buildConfigurations = (
				338D2DC22BE5C066004B42FA /* Debug */,
				338D2DC32BE5C066004B42FA /* Release */,
			);
			defaultConfigurationIsVisible = 0;
			defaultConfigurationName = Release;
		};
		338D2DC42BE5C066004B42FA /* Build configuration list for PBXNativeTarget "iQuizUITests" */ = {
			isa = XCConfigurationList;
			buildConfigurations = (
				338D2DC52BE5C066004B42FA /* Debug */,
				338D2DC62BE5C066004B42FA /* Release */,
			);
			defaultConfigurationIsVisible = 0;
			defaultConfigurationName = Release;
		};
/* End XCConfigurationList section */
	};
	rootObject = 338D2D8C2BE5C061004B42FA /* Project object */;
}
